
Microsoft Visual Studio Solution File, Format Version 12.00
# Visual Studio Version 17
VisualStudioVersion = 17.4.33110.190
MinimumVisualStudioVersion = 10.0.40219.1
Project("{FAE04EC0-301F-11D3-BF4B-00C04F79EFBC}") = "igrohata.app", "igrohata.app.csproj", "{1886712B-D358-4D6E-8F1A-775D619914B7}"
EndProject
Global
	GlobalSection(SolutionConfigurationPlatforms) = preSolution
		Debug|Any CPU = Debug|Any CPU
		Release|Any CPU = Release|Any CPU
	EndGlobalSection
	GlobalSection(ProjectConfigurationPlatforms) = postSolution
		{1886712B-D358-4D6E-8F1A-775D619914B7}.Debug|Any CPU.ActiveCfg = Debug|Any CPU
		{1886712B-D358-4D6E-8F1A-775D619914B7}.Debug|Any CPU.Build.0 = Debug|Any CPU
		{1886712B-D358-4D6E-8F1A-775D619914B7}.Release|Any CPU.ActiveCfg = Release|Any CPU
		{1886712B-D358-4D6E-8F1A-775D619914B7}.Release|Any CPU.Build.0 = Release|Any CPU
	EndGlobalSection
	GlobalSection(SolutionProperties) = preSolution
		HideSolutionNode = FALSE
	EndGlobalSection
	GlobalSection(ExtensibilityGlobals) = postSolution
		SolutionGuid = {B259E038-C7ED-478F-A056-B18D960E00C4}
	EndGlobalSection
EndGlobal
